Microsoft Visual Studio Solution File, Format Version 12.00
# Visual Studio Version 17
VisualStudioVersion = 17.5.2.0
MinimumVisualStudioVersion = 10.0.40219.1
Project("{2150E333-8FDC-42A3-9474-1A3956D46DE8}") = "vs", "vs", "{46211254-3D49-D95C-9D2B-5B258B5A5DD8}"
EndProject
Project("{FAE04EC0-301F-11D3-BF4B-00C04F79EFBC}") = "Blazor_App", "vs\Blazor_App\Blazor_App.csproj", "{29B66B6A-C2DD-B285-623C-6C2FF4338841}"
EndProject
Global
	GlobalSection(SolutionConfigurationPlatforms) = preSolution
		Debug|Any CPU = Debug|Any CPU
		Release|Any CPU = Release|Any CPU
	EndGlobalSection
	GlobalSection(ProjectConfigurationPlatforms) = postSolution
		{29B66B6A-C2DD-B285-623C-6C2FF4338841}.Debug|Any CPU.ActiveCfg = Debug|Any CPU
		{29B66B6A-C2DD-B285-623C-6C2FF4338841}.Debug|Any CPU.Build.0 = Debug|Any CPU
		{29B66B6A-C2DD-B285-623C-6C2FF4338841}.Release|Any CPU.ActiveCfg = Release|Any CPU
		{29B66B6A-C2DD-B285-623C-6C2FF4338841}.Release|Any CPU.Build.0 = Release|Any CPU
	EndGlobalSection
	GlobalSection(SolutionProperties) = preSolution
		HideSolutionNode = FALSE
	EndGlobalSection
	GlobalSection(NestedProjects) = preSolution
		{29B66B6A-C2DD-B285-623C-6C2FF4338841} = {46211254-3D49-D95C-9D2B-5B258B5A5DD8}
	EndGlobalSection
	GlobalSection(ExtensibilityGlobals) = postSolution
		SolutionGuid = {843D2122-122A-4BCD-968A-CA7FEC96CEBF}
	EndGlobalSection
EndGlobal
